
Microsoft Visual Studio Solution File, Format Version 12.00
# Visual Studio Version 16
VisualStudioVersion = 16.0.30320.27
MinimumVisualStudioVersion = 10.0.40219.1
Project("{9A19103F-16F7-4668-BE54-9A1E7A4F7556}") = "WebApplication", "WebApplication\WebApplication.csproj", "{997513D3-8746-43A4-92ED-C5523752C3EE}"
	ProjectSection(ProjectDependencies) = postProject
		{49226B60-869E-428E-8C7F-C573E3DDFC9F} = {49226B60-869E-428E-8C7F-C573E3DDFC9F}
	EndProjectSection
EndProject
Project("{9A19103F-16F7-4668-BE54-9A1E7A4F7556}") = "GraphicEditor", "GraphicEditor\GraphicEditor.csproj", "{202D3F6B-3C0B-4C1C-A186-FDC698CEFD39}"
EndProject
Project("{9A19103F-16F7-4668-BE54-9A1E7A4F7556}") = "Backend", "Backend\Backend.csproj", "{49226B60-869E-428E-8C7F-C573E3DDFC9F}"
EndProject
Project("{9A19103F-16F7-4668-BE54-9A1E7A4F7556}") = "WebApplicationTests", "WebApplicationTests\WebApplicationTests.csproj", "{A39EE22E-7A36-4BFB-AC2A-6A4A8EBFDA11}"
EndProject
Project("{9A19103F-16F7-4668-BE54-9A1E7A4F7556}") = "IntegrationAdapter", "IntegrationAdapter\IntegrationAdapter.csproj", "{B355B851-7BD6-4396-B119-DB674117D2F4}"
	ProjectSection(ProjectDependencies) = postProject
		{49226B60-869E-428E-8C7F-C573E3DDFC9F} = {49226B60-869E-428E-8C7F-C573E3DDFC9F}
	EndProjectSection
EndProject
Project("{9A19103F-16F7-4668-BE54-9A1E7A4F7556}") = "IntegrationAdapterTests", "IntegrationAdapterTests\IntegrationAdapterTests.csproj", "{5C63CD59-CD8D-4EE3-88F1-2291903E0EE7}"
EndProject
Project("{9A19103F-16F7-4668-BE54-9A1E7A4F7556}") = "GraphicEditorTests", "GraphicEditorTests\GraphicEditorTests.csproj", "{648F4462-E44E-49DB-8B96-5460CB5833C0}"
EndProject
Project("{2150E333-8FDC-42A3-9474-1A3956D46DE8}") = "WebApplicationMicroservices", "WebApplicationMicroservices", "{FD8DA984-3B49-4205-818A-991A88F6196C}"
EndProject
Project("{9A19103F-16F7-4668-BE54-9A1E7A4F7556}") = "Appointment", "Appointment\Appointment.csproj", "{1808F407-7B9A-4B8D-82EF-D727589F0DA1}"
	ProjectSection(ProjectDependencies) = postProject
		{710517A7-641E-478B-AB3A-5CF88DE83534} = {710517A7-641E-478B-AB3A-5CF88DE83534}
	EndProjectSection
EndProject
Project("{9A19103F-16F7-4668-BE54-9A1E7A4F7556}") = "Feedback", "Feedback\Feedback.csproj", "{0B0EC570-AA01-498D-8715-E9C871100714}"
EndProject
Project("{9A19103F-16F7-4668-BE54-9A1E7A4F7556}") = "Authentication", "Authentication\Authentication.csproj", "{710517A7-641E-478B-AB3A-5CF88DE83534}"
EndProject
Project("{9A19103F-16F7-4668-BE54-9A1E7A4F7556}") = "Documents", "Documents\Documents.csproj", "{57B3750F-9697-40E4-9807-BEFF624A8B74}"
EndProject
Project("{9A19103F-16F7-4668-BE54-9A1E7A4F7556}") = "APIGateway", "APIGateway\APIGateway.csproj", "{58D45CD2-2605-4995-AA18-B652B85BA35A}"
EndProject
Global
	GlobalSection(SolutionConfigurationPlatforms) = preSolution
		Debug|Any CPU = Debug|Any CPU
		Release|Any CPU = Release|Any CPU
	EndGlobalSection
	GlobalSection(ProjectConfigurationPlatforms) = postSolution
		{997513D3-8746-43A4-92ED-C5523752C3EE}.Debug|Any CPU.ActiveCfg = Debug|Any CPU
		{997513D3-8746-43A4-92ED-C5523752C3EE}.Debug|Any CPU.Build.0 = Debug|Any CPU
		{997513D3-8746-43A4-92ED-C5523752C3EE}.Release|Any CPU.ActiveCfg = Release|Any CPU
		{997513D3-8746-43A4-92ED-C5523752C3EE}.Release|Any CPU.Build.0 = Release|Any CPU
		{202D3F6B-3C0B-4C1C-A186-FDC698CEFD39}.Debug|Any CPU.ActiveCfg = Debug|Any CPU
		{202D3F6B-3C0B-4C1C-A186-FDC698CEFD39}.Debug|Any CPU.Build.0 = Debug|Any CPU
		{202D3F6B-3C0B-4C1C-A186-FDC698CEFD39}.Release|Any CPU.ActiveCfg = Release|Any CPU
		{202D3F6B-3C0B-4C1C-A186-FDC698CEFD39}.Release|Any CPU.Build.0 = Release|Any CPU
		{49226B60-869E-428E-8C7F-C573E3DDFC9F}.Debug|Any CPU.ActiveCfg = Debug|Any CPU
		{49226B60-869E-428E-8C7F-C573E3DDFC9F}.Debug|Any CPU.Build.0 = Debug|Any CPU
		{49226B60-869E-428E-8C7F-C573E3DDFC9F}.Release|Any CPU.ActiveCfg = Release|Any CPU
		{49226B60-869E-428E-8C7F-C573E3DDFC9F}.Release|Any CPU.Build.0 = Release|Any CPU
		{A39EE22E-7A36-4BFB-AC2A-6A4A8EBFDA11}.Debug|Any CPU.ActiveCfg = Debug|Any CPU
		{A39EE22E-7A36-4BFB-AC2A-6A4A8EBFDA11}.Debug|Any CPU.Build.0 = Debug|Any CPU
		{A39EE22E-7A36-4BFB-AC2A-6A4A8EBFDA11}.Release|Any CPU.ActiveCfg = Release|Any CPU
		{A39EE22E-7A36-4BFB-AC2A-6A4A8EBFDA11}.Release|Any CPU.Build.0 = Release|Any CPU
		{B355B851-7BD6-4396-B119-DB674117D2F4}.Debug|Any CPU.ActiveCfg = Debug|Any CPU
		{B355B851-7BD6-4396-B119-DB674117D2F4}.Debug|Any CPU.Build.0 = Debug|Any CPU
		{B355B851-7BD6-4396-B119-DB674117D2F4}.Release|Any CPU.ActiveCfg = Release|Any CPU
		{B355B851-7BD6-4396-B119-DB674117D2F4}.Release|Any CPU.Build.0 = Release|Any CPU
		{5C63CD59-CD8D-4EE3-88F1-2291903E0EE7}.Debug|Any CPU.ActiveCfg = Debug|Any CPU
		{5C63CD59-CD8D-4EE3-88F1-2291903E0EE7}.Debug|Any CPU.Build.0 = Debug|Any CPU
		{5C63CD59-CD8D-4EE3-88F1-2291903E0EE7}.Release|Any CPU.ActiveCfg = Release|Any CPU
		{5C63CD59-CD8D-4EE3-88F1-2291903E0EE7}.Release|Any CPU.Build.0 = Release|Any CPU
		{648F4462-E44E-49DB-8B96-5460CB5833C0}.Debug|Any CPU.ActiveCfg = Debug|Any CPU
		{648F4462-E44E-49DB-8B96-5460CB5833C0}.Debug|Any CPU.Build.0 = Debug|Any CPU
		{648F4462-E44E-49DB-8B96-5460CB5833C0}.Release|Any CPU.ActiveCfg = Release|Any CPU
		{648F4462-E44E-49DB-8B96-5460CB5833C0}.Release|Any CPU.Build.0 = Release|Any CPU
		{1808F407-7B9A-4B8D-82EF-D727589F0DA1}.Debug|Any CPU.ActiveCfg = Debug|Any CPU
		{1808F407-7B9A-4B8D-82EF-D727589F0DA1}.Debug|Any CPU.Build.0 = Debug|Any CPU
		{1808F407-7B9A-4B8D-82EF-D727589F0DA1}.Release|Any CPU.ActiveCfg = Release|Any CPU
		{1808F407-7B9A-4B8D-82EF-D727589F0DA1}.Release|Any CPU.Build.0 = Release|Any CPU
		{0B0EC570-AA01-498D-8715-E9C871100714}.Debug|Any CPU.ActiveCfg = Debug|Any CPU
		{0B0EC570-AA01-498D-8715-E9C871100714}.Debug|Any CPU.Build.0 = Debug|Any CPU
		{0B0EC570-AA01-498D-8715-E9C871100714}.Release|Any CPU.ActiveCfg = Release|Any CPU
		{0B0EC570-AA01-498D-8715-E9C871100714}.Release|Any CPU.Build.0 = Release|Any CPU
		{710517A7-641E-478B-AB3A-5CF88DE83534}.Debug|Any CPU.ActiveCfg = Debug|Any CPU
		{710517A7-641E-478B-AB3A-5CF88DE83534}.Debug|Any CPU.Build.0 = Debug|Any CPU
		{710517A7-641E-478B-AB3A-5CF88DE83534}.Release|Any CPU.ActiveCfg = Release|Any CPU
		{710517A7-641E-478B-AB3A-5CF88DE83534}.Release|Any CPU.Build.0 = Release|Any CPU
		{57B3750F-9697-40E4-9807-BEFF624A8B74}.Debug|Any CPU.ActiveCfg = Debug|Any CPU
		{57B3750F-9697-40E4-9807-BEFF624A8B74}.Debug|Any CPU.Build.0 = Debug|Any CPU
		{57B3750F-9697-40E4-9807-BEFF624A8B74}.Release|Any CPU.ActiveCfg = Release|Any CPU
		{57B3750F-9697-40E4-9807-BEFF624A8B74}.Release|Any CPU.Build.0 = Release|Any CPU
		{58D45CD2-2605-4995-AA18-B652B85BA35A}.Debug|Any CPU.ActiveCfg = Debug|Any CPU
		{58D45CD2-2605-4995-AA18-B652B85BA35A}.Debug|Any CPU.Build.0 = Debug|Any CPU
		{58D45CD2-2605-4995-AA18-B652B85BA35A}.Release|Any CPU.ActiveCfg = Release|Any CPU
		{58D45CD2-2605-4995-AA18-B652B85BA35A}.Release|Any CPU.Build.0 = Release|Any CPU
	EndGlobalSection
	GlobalSection(SolutionProperties) = preSolution
		HideSolutionNode = FALSE
	EndGlobalSection
	GlobalSection(NestedProjects) = preSolution
		{1808F407-7B9A-4B8D-82EF-D727589F0DA1} = {FD8DA984-3B49-4205-818A-991A88F6196C}
		{0B0EC570-AA01-498D-8715-E9C871100714} = {FD8DA984-3B49-4205-818A-991A88F6196C}
		{710517A7-641E-478B-AB3A-5CF88DE83534} = {FD8DA984-3B49-4205-818A-991A88F6196C}
		{57B3750F-9697-40E4-9807-BEFF624A8B74} = {FD8DA984-3B49-4205-818A-991A88F6196C}
		{58D45CD2-2605-4995-AA18-B652B85BA35A} = {FD8DA984-3B49-4205-818A-991A88F6196C}
	EndGlobalSection
	GlobalSection(ExtensibilityGlobals) = postSolution
		SolutionGuid = {03E09C45-D60A-4533-A8C6-95BDC82710E3}
	EndGlobalSection
EndGlobal
